
Microsoft Visual Studio Solution File, Format Version 12.00
# Visual Studio Version 16
VisualStudioVersion = 16.0.30114.105
MinimumVisualStudioVersion = 10.0.40219.1
Project("{FAE04EC0-301F-11D3-BF4B-00C04F79EFBC}") = "ViewProject", "ViewProject\ViewProject.csproj", "{C2C5F392-DB98-4977-BD18-450D5D650849}"
EndProject
Project("{FAE04EC0-301F-11D3-BF4B-00C04F79EFBC}") = "LibsProject", "LibsProject\LibsProject.csproj", "{A4CE6638-7929-4A72-A2BE-3204F44FED1D}"
EndProject
Global
	GlobalSection(SolutionConfigurationPlatforms) = preSolution
		Debug|Any CPU = Debug|Any CPU
		Release|Any CPU = Release|Any CPU
	EndGlobalSection
	GlobalSection(SolutionProperties) = preSolution
		HideSolutionNode = FALSE
	EndGlobalSection
	GlobalSection(ProjectConfigurationPlatforms) = postSolution
		{C2C5F392-DB98-4977-BD18-450D5D650849}.Debug|Any CPU.ActiveCfg = Debug|Any CPU
		{C2C5F392-DB98-4977-BD18-450D5D650849}.Debug|Any CPU.Build.0 = Debug|Any CPU
		{C2C5F392-DB98-4977-BD18-450D5D650849}.Release|Any CPU.ActiveCfg = Release|Any CPU
		{C2C5F392-DB98-4977-BD18-450D5D650849}.Release|Any CPU.Build.0 = Release|Any CPU
		{A4CE6638-7929-4A72-A2BE-3204F44FED1D}.Debug|Any CPU.ActiveCfg = Debug|Any CPU
		{A4CE6638-7929-4A72-A2BE-3204F44FED1D}.Debug|Any CPU.Build.0 = Debug|Any CPU
		{A4CE6638-7929-4A72-A2BE-3204F44FED1D}.Release|Any CPU.ActiveCfg = Release|Any CPU
		{A4CE6638-7929-4A72-A2BE-3204F44FED1D}.Release|Any CPU.Build.0 = Release|Any CPU
	EndGlobalSection
EndGlobal
